
Microsoft Visual Studio Solution File, Format Version 12.00
Project("{FAE04EC0-301F-11D3-BF4B-00C04F79EFBC}") = "SharedModels", "SharedModels\SharedModels.csproj", "{E3157AE2-6B6C-4D01-BD90-E758671D5F46}"
EndProject
Project("{FAE04EC0-301F-11D3-BF4B-00C04F79EFBC}") = "Producer", "Producer\Producer.csproj", "{F18EA848-939B-4C2C-BF86-79CAD7AE0469}"
EndProject
Project("{FAE04EC0-301F-11D3-BF4B-00C04F79EFBC}") = "Consumer", "Consumer\Consumer.csproj", "{946831B9-ED8D-4583-BB18-06CF9B3498DA}"
EndProject
Global
	GlobalSection(SolutionConfigurationPlatforms) = preSolution
		Debug|Any CPU = Debug|Any CPU
		Release|Any CPU = Release|Any CPU
	EndGlobalSection
	GlobalSection(ProjectConfigurationPlatforms) = postSolution
		{E3157AE2-6B6C-4D01-BD90-E758671D5F46}.Debug|Any CPU.ActiveCfg = Debug|Any CPU
		{E3157AE2-6B6C-4D01-BD90-E758671D5F46}.Debug|Any CPU.Build.0 = Debug|Any CPU
		{E3157AE2-6B6C-4D01-BD90-E758671D5F46}.Release|Any CPU.ActiveCfg = Release|Any CPU
		{E3157AE2-6B6C-4D01-BD90-E758671D5F46}.Release|Any CPU.Build.0 = Release|Any CPU
		{F18EA848-939B-4C2C-BF86-79CAD7AE0469}.Debug|Any CPU.ActiveCfg = Debug|Any CPU
		{F18EA848-939B-4C2C-BF86-79CAD7AE0469}.Debug|Any CPU.Build.0 = Debug|Any CPU
		{F18EA848-939B-4C2C-BF86-79CAD7AE0469}.Release|Any CPU.ActiveCfg = Release|Any CPU
		{F18EA848-939B-4C2C-BF86-79CAD7AE0469}.Release|Any CPU.Build.0 = Release|Any CPU
		{946831B9-ED8D-4583-BB18-06CF9B3498DA}.Debug|Any CPU.ActiveCfg = Debug|Any CPU
		{946831B9-ED8D-4583-BB18-06CF9B3498DA}.Debug|Any CPU.Build.0 = Debug|Any CPU
		{946831B9-ED8D-4583-BB18-06CF9B3498DA}.Release|Any CPU.ActiveCfg = Release|Any CPU
		{946831B9-ED8D-4583-BB18-06CF9B3498DA}.Release|Any CPU.Build.0 = Release|Any CPU
	EndGlobalSection
EndGlobal
